
Microsoft Visual Studio Solution File, Format Version 12.00
# Visual Studio Version 17
VisualStudioVersion = 17.2.32602.215
MinimumVisualStudioVersion = 10.0.40219.1
Project("{FAE04EC0-301F-11D3-BF4B-00C04F79EFBC}") = "OpsiyonelParametreliMethodlar", "OpsiyonelParametreliMethodlar\OpsiyonelParametreliMethodlar.csproj", "{0BB6B2F7-FB99-4A6A-A02D-D1133C81591A}"
EndProject
Global
	GlobalSection(SolutionConfigurationPlatforms) = preSolution
		Debug|Any CPU = Debug|Any CPU
		Release|Any CPU = Release|Any CPU
	EndGlobalSection
	GlobalSection(ProjectConfigurationPlatforms) = postSolution
		{0BB6B2F7-FB99-4A6A-A02D-D1133C81591A}.Debug|Any CPU.ActiveCfg = Debug|Any CPU
		{0BB6B2F7-FB99-4A6A-A02D-D1133C81591A}.Debug|Any CPU.Build.0 = Debug|Any CPU
		{0BB6B2F7-FB99-4A6A-A02D-D1133C81591A}.Release|Any CPU.ActiveCfg = Release|Any CPU
		{0BB6B2F7-FB99-4A6A-A02D-D1133C81591A}.Release|Any CPU.Build.0 = Release|Any CPU
	EndGlobalSection
	GlobalSection(SolutionProperties) = preSolution
		HideSolutionNode = FALSE
	EndGlobalSection
	GlobalSection(ExtensibilityGlobals) = postSolution
		SolutionGuid = {665CEB46-64F6-4B04-A5FC-9BC163A07A11}
	EndGlobalSection
EndGlobal
