
Microsoft Visual Studio Solution File, Format Version 12.00
# Visual Studio Version 17
VisualStudioVersion = 17.2.32602.215
MinimumVisualStudioVersion = 10.0.40219.1
Project("{FAE04EC0-301F-11D3-BF4B-00C04F79EFBC}") = "FullTrim", "FullTrim\FullTrim.csproj", "{DE23688F-7897-43DB-85C0-BF38D48A2E0B}"
EndProject
Global
	GlobalSection(SolutionConfigurationPlatforms) = preSolution
		Debug|Any CPU = Debug|Any CPU
		Release|Any CPU = Release|Any CPU
	EndGlobalSection
	GlobalSection(ProjectConfigurationPlatforms) = postSolution
		{DE23688F-7897-43DB-85C0-BF38D48A2E0B}.Debug|Any CPU.ActiveCfg = Debug|Any CPU
		{DE23688F-7897-43DB-85C0-BF38D48A2E0B}.Debug|Any CPU.Build.0 = Debug|Any CPU
		{DE23688F-7897-43DB-85C0-BF38D48A2E0B}.Release|Any CPU.ActiveCfg = Release|Any CPU
		{DE23688F-7897-43DB-85C0-BF38D48A2E0B}.Release|Any CPU.Build.0 = Release|Any CPU
	EndGlobalSection
	GlobalSection(SolutionProperties) = preSolution
		HideSolutionNode = FALSE
	EndGlobalSection
	GlobalSection(ExtensibilityGlobals) = postSolution
		SolutionGuid = {30BB882E-48DB-44CE-B262-C9FE94FB6451}
	EndGlobalSection
EndGlobal
