
Microsoft Visual Studio Solution File, Format Version 12.00
# Visual Studio Version 17
VisualStudioVersion = 17.2.32602.215
MinimumVisualStudioVersion = 10.0.40219.1
Project("{FAE04EC0-301F-11D3-BF4B-00C04F79EFBC}") = "RefOutParameter", "RefOutParameter\RefOutParameter.csproj", "{D462D161-D43D-4485-B466-0AB54781D577}"
EndProject
Global
	GlobalSection(SolutionConfigurationPlatforms) = preSolution
		Debug|Any CPU = Debug|Any CPU
		Release|Any CPU = Release|Any CPU
	EndGlobalSection
	GlobalSection(ProjectConfigurationPlatforms) = postSolution
		{D462D161-D43D-4485-B466-0AB54781D577}.Debug|Any CPU.ActiveCfg = Debug|Any CPU
		{D462D161-D43D-4485-B466-0AB54781D577}.Debug|Any CPU.Build.0 = Debug|Any CPU
		{D462D161-D43D-4485-B466-0AB54781D577}.Release|Any CPU.ActiveCfg = Release|Any CPU
		{D462D161-D43D-4485-B466-0AB54781D577}.Release|Any CPU.Build.0 = Release|Any CPU
	EndGlobalSection
	GlobalSection(SolutionProperties) = preSolution
		HideSolutionNode = FALSE
	EndGlobalSection
	GlobalSection(ExtensibilityGlobals) = postSolution
		SolutionGuid = {6AD03D12-9D0A-4431-87FA-2E203CD33EC2}
	EndGlobalSection
EndGlobal
