
Microsoft Visual Studio Solution File, Format Version 12.00
# Visual Studio Version 17
VisualStudioVersion = 17.2.32602.215
MinimumVisualStudioVersion = 10.0.40219.1
Project("{FAE04EC0-301F-11D3-BF4B-00C04F79EFBC}") = "ForLoop_Example", "ForLoop_Example\ForLoop_Example.csproj", "{911134C8-CECA-4122-B773-4794E9E3EC90}"
EndProject
Global
	GlobalSection(SolutionConfigurationPlatforms) = preSolution
		Debug|Any CPU = Debug|Any CPU
		Release|Any CPU = Release|Any CPU
	EndGlobalSection
	GlobalSection(ProjectConfigurationPlatforms) = postSolution
		{911134C8-CECA-4122-B773-4794E9E3EC90}.Debug|Any CPU.ActiveCfg = Debug|Any CPU
		{911134C8-CECA-4122-B773-4794E9E3EC90}.Debug|Any CPU.Build.0 = Debug|Any CPU
		{911134C8-CECA-4122-B773-4794E9E3EC90}.Release|Any CPU.ActiveCfg = Release|Any CPU
		{911134C8-CECA-4122-B773-4794E9E3EC90}.Release|Any CPU.Build.0 = Release|Any CPU
	EndGlobalSection
	GlobalSection(SolutionProperties) = preSolution
		HideSolutionNode = FALSE
	EndGlobalSection
	GlobalSection(ExtensibilityGlobals) = postSolution
		SolutionGuid = {543E7F8F-381D-486E-BFF2-A7BA1BD1B1C7}
	EndGlobalSection
EndGlobal
