
Microsoft Visual Studio Solution File, Format Version 12.00
# Visual Studio Version 17
VisualStudioVersion = 17.2.32526.322
MinimumVisualStudioVersion = 10.0.40219.1
Project("{FAE04EC0-301F-11D3-BF4B-00C04F79EFBC}") = "Example2", "Example2\Example2.csproj", "{5D042380-3B83-4D0F-AD57-F7C5FC488121}"
EndProject
Global
	GlobalSection(SolutionConfigurationPlatforms) = preSolution
		Debug|Any CPU = Debug|Any CPU
		Release|Any CPU = Release|Any CPU
	EndGlobalSection
	GlobalSection(ProjectConfigurationPlatforms) = postSolution
		{5D042380-3B83-4D0F-AD57-F7C5FC488121}.Debug|Any CPU.ActiveCfg = Debug|Any CPU
		{5D042380-3B83-4D0F-AD57-F7C5FC488121}.Debug|Any CPU.Build.0 = Debug|Any CPU
		{5D042380-3B83-4D0F-AD57-F7C5FC488121}.Release|Any CPU.ActiveCfg = Release|Any CPU
		{5D042380-3B83-4D0F-AD57-F7C5FC488121}.Release|Any CPU.Build.0 = Release|Any CPU
	EndGlobalSection
	GlobalSection(SolutionProperties) = preSolution
		HideSolutionNode = FALSE
	EndGlobalSection
	GlobalSection(ExtensibilityGlobals) = postSolution
		SolutionGuid = {9917FD9C-9F04-43BF-A563-FBC106045E45}
	EndGlobalSection
EndGlobal
