
Microsoft Visual Studio Solution File, Format Version 12.00
# Visual Studio Version 17
VisualStudioVersion = 17.2.32602.215
MinimumVisualStudioVersion = 10.0.40219.1
Project("{FAE04EC0-301F-11D3-BF4B-00C04F79EFBC}") = "RecursiveExample", "RecursiveExample\RecursiveExample.csproj", "{64A4ECF0-915F-438E-8028-64D2B3811B92}"
EndProject
Global
	GlobalSection(SolutionConfigurationPlatforms) = preSolution
		Debug|Any CPU = Debug|Any CPU
		Release|Any CPU = Release|Any CPU
	EndGlobalSection
	GlobalSection(ProjectConfigurationPlatforms) = postSolution
		{64A4ECF0-915F-438E-8028-64D2B3811B92}.Debug|Any CPU.ActiveCfg = Debug|Any CPU
		{64A4ECF0-915F-438E-8028-64D2B3811B92}.Debug|Any CPU.Build.0 = Debug|Any CPU
		{64A4ECF0-915F-438E-8028-64D2B3811B92}.Release|Any CPU.ActiveCfg = Release|Any CPU
		{64A4ECF0-915F-438E-8028-64D2B3811B92}.Release|Any CPU.Build.0 = Release|Any CPU
	EndGlobalSection
	GlobalSection(SolutionProperties) = preSolution
		HideSolutionNode = FALSE
	EndGlobalSection
	GlobalSection(ExtensibilityGlobals) = postSolution
		SolutionGuid = {FE64CA24-8E3F-4D6D-B1A7-A478F6E7C0BC}
	EndGlobalSection
EndGlobal
