
Microsoft Visual Studio Solution File, Format Version 12.00
# Visual Studio Version 17
VisualStudioVersion = 17.2.32602.215
MinimumVisualStudioVersion = 10.0.40219.1
Project("{FAE04EC0-301F-11D3-BF4B-00C04F79EFBC}") = "ArrayExample-1", "ArrayExample-1\ArrayExample-1.csproj", "{B519E992-5B77-47EE-BC9B-03280A137082}"
EndProject
Global
	GlobalSection(SolutionConfigurationPlatforms) = preSolution
		Debug|Any CPU = Debug|Any CPU
		Release|Any CPU = Release|Any CPU
	EndGlobalSection
	GlobalSection(ProjectConfigurationPlatforms) = postSolution
		{B519E992-5B77-47EE-BC9B-03280A137082}.Debug|Any CPU.ActiveCfg = Debug|Any CPU
		{B519E992-5B77-47EE-BC9B-03280A137082}.Debug|Any CPU.Build.0 = Debug|Any CPU
		{B519E992-5B77-47EE-BC9B-03280A137082}.Release|Any CPU.ActiveCfg = Release|Any CPU
		{B519E992-5B77-47EE-BC9B-03280A137082}.Release|Any CPU.Build.0 = Release|Any CPU
	EndGlobalSection
	GlobalSection(SolutionProperties) = preSolution
		HideSolutionNode = FALSE
	EndGlobalSection
	GlobalSection(ExtensibilityGlobals) = postSolution
		SolutionGuid = {9CDAC301-B813-498D-9589-7371BE5AC4CD}
	EndGlobalSection
EndGlobal
