
Microsoft Visual Studio Solution File, Format Version 12.00
# Visual Studio Version 17
VisualStudioVersion = 17.2.32526.322
MinimumVisualStudioVersion = 10.0.40219.1
Project("{FAE04EC0-301F-11D3-BF4B-00C04F79EFBC}") = "loto", "loto\loto.csproj", "{33B26AF5-EA46-4587-BE85-FD6AB0E23E65}"
EndProject
Global
	GlobalSection(SolutionConfigurationPlatforms) = preSolution
		Debug|Any CPU = Debug|Any CPU
		Release|Any CPU = Release|Any CPU
	EndGlobalSection
	GlobalSection(ProjectConfigurationPlatforms) = postSolution
		{33B26AF5-EA46-4587-BE85-FD6AB0E23E65}.Debug|Any CPU.ActiveCfg = Debug|Any CPU
		{33B26AF5-EA46-4587-BE85-FD6AB0E23E65}.Debug|Any CPU.Build.0 = Debug|Any CPU
		{33B26AF5-EA46-4587-BE85-FD6AB0E23E65}.Release|Any CPU.ActiveCfg = Release|Any CPU
		{33B26AF5-EA46-4587-BE85-FD6AB0E23E65}.Release|Any CPU.Build.0 = Release|Any CPU
	EndGlobalSection
	GlobalSection(SolutionProperties) = preSolution
		HideSolutionNode = FALSE
	EndGlobalSection
	GlobalSection(ExtensibilityGlobals) = postSolution
		SolutionGuid = {8E0B5F8E-B5E9-4379-A69F-2AE83BD05D52}
	EndGlobalSection
EndGlobal
