
Microsoft Visual Studio Solution File, Format Version 12.00
# Visual Studio Version 17
VisualStudioVersion = 17.2.32526.322
MinimumVisualStudioVersion = 10.0.40219.1
Project("{FAE04EC0-301F-11D3-BF4B-00C04F79EFBC}") = "Fibonacci", "Fibonacci\Fibonacci.csproj", "{14F42C4D-2B1C-4891-ACAB-5DF0FBF6F2EC}"
EndProject
Global
	GlobalSection(SolutionConfigurationPlatforms) = preSolution
		Debug|Any CPU = Debug|Any CPU
		Release|Any CPU = Release|Any CPU
	EndGlobalSection
	GlobalSection(ProjectConfigurationPlatforms) = postSolution
		{14F42C4D-2B1C-4891-ACAB-5DF0FBF6F2EC}.Debug|Any CPU.ActiveCfg = Debug|Any CPU
		{14F42C4D-2B1C-4891-ACAB-5DF0FBF6F2EC}.Debug|Any CPU.Build.0 = Debug|Any CPU
		{14F42C4D-2B1C-4891-ACAB-5DF0FBF6F2EC}.Release|Any CPU.ActiveCfg = Release|Any CPU
		{14F42C4D-2B1C-4891-ACAB-5DF0FBF6F2EC}.Release|Any CPU.Build.0 = Release|Any CPU
	EndGlobalSection
	GlobalSection(SolutionProperties) = preSolution
		HideSolutionNode = FALSE
	EndGlobalSection
	GlobalSection(ExtensibilityGlobals) = postSolution
		SolutionGuid = {077692C9-00CE-44AB-8BFF-37EC61D565E1}
	EndGlobalSection
EndGlobal
