
Microsoft Visual Studio Solution File, Format Version 12.00
# Visual Studio Version 17
VisualStudioVersion = 17.2.32602.215
MinimumVisualStudioVersion = 10.0.40219.1
Project("{FAE04EC0-301F-11D3-BF4B-00C04F79EFBC}") = "MevsimSecici", "MevsimSecici\MevsimSecici.csproj", "{297F3295-F731-4A70-B7CF-815DB2C9AF2F}"
EndProject
Global
	GlobalSection(SolutionConfigurationPlatforms) = preSolution
		Debug|Any CPU = Debug|Any CPU
		Release|Any CPU = Release|Any CPU
	EndGlobalSection
	GlobalSection(ProjectConfigurationPlatforms) = postSolution
		{297F3295-F731-4A70-B7CF-815DB2C9AF2F}.Debug|Any CPU.ActiveCfg = Debug|Any CPU
		{297F3295-F731-4A70-B7CF-815DB2C9AF2F}.Debug|Any CPU.Build.0 = Debug|Any CPU
		{297F3295-F731-4A70-B7CF-815DB2C9AF2F}.Release|Any CPU.ActiveCfg = Release|Any CPU
		{297F3295-F731-4A70-B7CF-815DB2C9AF2F}.Release|Any CPU.Build.0 = Release|Any CPU
	EndGlobalSection
	GlobalSection(SolutionProperties) = preSolution
		HideSolutionNode = FALSE
	EndGlobalSection
	GlobalSection(ExtensibilityGlobals) = postSolution
		SolutionGuid = {FA563EC2-FF04-4452-8DA3-C173AA8E3B9D}
	EndGlobalSection
EndGlobal
