
Microsoft Visual Studio Solution File, Format Version 12.00
# Visual Studio Version 17
VisualStudioVersion = 17.2.32602.215
MinimumVisualStudioVersion = 10.0.40219.1
Project("{FAE04EC0-301F-11D3-BF4B-00C04F79EFBC}") = "DoWhileLoop", "DoWhileLoop\DoWhileLoop.csproj", "{F378D4BC-3D99-41DD-9F92-54FF7D9D59C2}"
EndProject
Global
	GlobalSection(SolutionConfigurationPlatforms) = preSolution
		Debug|Any CPU = Debug|Any CPU
		Release|Any CPU = Release|Any CPU
	EndGlobalSection
	GlobalSection(ProjectConfigurationPlatforms) = postSolution
		{F378D4BC-3D99-41DD-9F92-54FF7D9D59C2}.Debug|Any CPU.ActiveCfg = Debug|Any CPU
		{F378D4BC-3D99-41DD-9F92-54FF7D9D59C2}.Debug|Any CPU.Build.0 = Debug|Any CPU
		{F378D4BC-3D99-41DD-9F92-54FF7D9D59C2}.Release|Any CPU.ActiveCfg = Release|Any CPU
		{F378D4BC-3D99-41DD-9F92-54FF7D9D59C2}.Release|Any CPU.Build.0 = Release|Any CPU
	EndGlobalSection
	GlobalSection(SolutionProperties) = preSolution
		HideSolutionNode = FALSE
	EndGlobalSection
	GlobalSection(ExtensibilityGlobals) = postSolution
		SolutionGuid = {30AE1CBE-F39B-4C1F-9595-9A859BE2BD34}
	EndGlobalSection
EndGlobal
