
Microsoft Visual Studio Solution File, Format Version 12.00
# Visual Studio Version 17
VisualStudioVersion = 17.2.32526.322
MinimumVisualStudioVersion = 10.0.40219.1
Project("{FAE04EC0-301F-11D3-BF4B-00C04F79EFBC}") = "ConsoleApp1", "ConsoleApp1\ConsoleApp1.csproj", "{BBEA695C-6367-4A7B-87FB-B4F8DEF43854}"
EndProject
Global
	GlobalSection(SolutionConfigurationPlatforms) = preSolution
		Debug|Any CPU = Debug|Any CPU
		Release|Any CPU = Release|Any CPU
	EndGlobalSection
	GlobalSection(ProjectConfigurationPlatforms) = postSolution
		{BBEA695C-6367-4A7B-87FB-B4F8DEF43854}.Debug|Any CPU.ActiveCfg = Debug|Any CPU
		{BBEA695C-6367-4A7B-87FB-B4F8DEF43854}.Debug|Any CPU.Build.0 = Debug|Any CPU
		{BBEA695C-6367-4A7B-87FB-B4F8DEF43854}.Release|Any CPU.ActiveCfg = Release|Any CPU
		{BBEA695C-6367-4A7B-87FB-B4F8DEF43854}.Release|Any CPU.Build.0 = Release|Any CPU
	EndGlobalSection
	GlobalSection(SolutionProperties) = preSolution
		HideSolutionNode = FALSE
	EndGlobalSection
	GlobalSection(ExtensibilityGlobals) = postSolution
		SolutionGuid = {523286E8-E9FC-4662-9329-E3286C6E3027}
	EndGlobalSection
EndGlobal
