
Microsoft Visual Studio Solution File, Format Version 12.00
# Visual Studio Version 17
VisualStudioVersion = 17.2.32602.215
MinimumVisualStudioVersion = 10.0.40219.1
Project("{FAE04EC0-301F-11D3-BF4B-00C04F79EFBC}") = "ForeachExample", "ForeachExample\ForeachExample.csproj", "{4DABA932-F0A5-447D-8082-4833561C09AA}"
EndProject
Global
	GlobalSection(SolutionConfigurationPlatforms) = preSolution
		Debug|Any CPU = Debug|Any CPU
		Release|Any CPU = Release|Any CPU
	EndGlobalSection
	GlobalSection(ProjectConfigurationPlatforms) = postSolution
		{4DABA932-F0A5-447D-8082-4833561C09AA}.Debug|Any CPU.ActiveCfg = Debug|Any CPU
		{4DABA932-F0A5-447D-8082-4833561C09AA}.Debug|Any CPU.Build.0 = Debug|Any CPU
		{4DABA932-F0A5-447D-8082-4833561C09AA}.Release|Any CPU.ActiveCfg = Release|Any CPU
		{4DABA932-F0A5-447D-8082-4833561C09AA}.Release|Any CPU.Build.0 = Release|Any CPU
	EndGlobalSection
	GlobalSection(SolutionProperties) = preSolution
		HideSolutionNode = FALSE
	EndGlobalSection
	GlobalSection(ExtensibilityGlobals) = postSolution
		SolutionGuid = {97FD9EA8-8466-47EE-A78E-9A8076B7E3D7}
	EndGlobalSection
EndGlobal
