
Microsoft Visual Studio Solution File, Format Version 12.00
# Visual Studio Version 17
VisualStudioVersion = 17.2.32602.215
MinimumVisualStudioVersion = 10.0.40219.1
Project("{FAE04EC0-301F-11D3-BF4B-00C04F79EFBC}") = "WindowsFormsExample-1", "WindowsFormsExample-1\WindowsFormsExample-1.csproj", "{DE0433CF-6DE8-4624-8E20-B23EBE5AB9A4}"
EndProject
Global
	GlobalSection(SolutionConfigurationPlatforms) = preSolution
		Debug|Any CPU = Debug|Any CPU
		Release|Any CPU = Release|Any CPU
	EndGlobalSection
	GlobalSection(ProjectConfigurationPlatforms) = postSolution
		{DE0433CF-6DE8-4624-8E20-B23EBE5AB9A4}.Debug|Any CPU.ActiveCfg = Debug|Any CPU
		{DE0433CF-6DE8-4624-8E20-B23EBE5AB9A4}.Debug|Any CPU.Build.0 = Debug|Any CPU
		{DE0433CF-6DE8-4624-8E20-B23EBE5AB9A4}.Release|Any CPU.ActiveCfg = Release|Any CPU
		{DE0433CF-6DE8-4624-8E20-B23EBE5AB9A4}.Release|Any CPU.Build.0 = Release|Any CPU
	EndGlobalSection
	GlobalSection(SolutionProperties) = preSolution
		HideSolutionNode = FALSE
	EndGlobalSection
	GlobalSection(ExtensibilityGlobals) = postSolution
		SolutionGuid = {2B67EF53-9B74-4F8D-AD66-50F87CE635AC}
	EndGlobalSection
EndGlobal
