
Microsoft Visual Studio Solution File, Format Version 12.00
# Visual Studio Version 17
VisualStudioVersion = 17.2.32526.322
MinimumVisualStudioVersion = 10.0.40219.1
Project("{FAE04EC0-301F-11D3-BF4B-00C04F79EFBC}") = "ConditionalCasesExample2", "ConditionalCasesExample2\ConditionalCasesExample2.csproj", "{2C451F2E-0075-4AD3-AEEF-EBF3FC2AB6DE}"
EndProject
Global
	GlobalSection(SolutionConfigurationPlatforms) = preSolution
		Debug|Any CPU = Debug|Any CPU
		Release|Any CPU = Release|Any CPU
	EndGlobalSection
	GlobalSection(ProjectConfigurationPlatforms) = postSolution
		{2C451F2E-0075-4AD3-AEEF-EBF3FC2AB6DE}.Debug|Any CPU.ActiveCfg = Debug|Any CPU
		{2C451F2E-0075-4AD3-AEEF-EBF3FC2AB6DE}.Debug|Any CPU.Build.0 = Debug|Any CPU
		{2C451F2E-0075-4AD3-AEEF-EBF3FC2AB6DE}.Release|Any CPU.ActiveCfg = Release|Any CPU
		{2C451F2E-0075-4AD3-AEEF-EBF3FC2AB6DE}.Release|Any CPU.Build.0 = Release|Any CPU
	EndGlobalSection
	GlobalSection(SolutionProperties) = preSolution
		HideSolutionNode = FALSE
	EndGlobalSection
	GlobalSection(ExtensibilityGlobals) = postSolution
		SolutionGuid = {E89988E1-B668-45BA-B3DC-030DDB9DAC4E}
	EndGlobalSection
EndGlobal
