
Microsoft Visual Studio Solution File, Format Version 12.00
# Visual Studio Version 17
VisualStudioVersion = 17.2.32526.322
MinimumVisualStudioVersion = 10.0.40219.1
Project("{FAE04EC0-301F-11D3-BF4B-00C04F79EFBC}") = "RefrenceTypeAndValueType", "RefrenceTypeAndValueType\RefrenceTypeAndValueType.csproj", "{A0217AD7-F766-4B67-8954-E0019E626988}"
EndProject
Global
	GlobalSection(SolutionConfigurationPlatforms) = preSolution
		Debug|Any CPU = Debug|Any CPU
		Release|Any CPU = Release|Any CPU
	EndGlobalSection
	GlobalSection(ProjectConfigurationPlatforms) = postSolution
		{A0217AD7-F766-4B67-8954-E0019E626988}.Debug|Any CPU.ActiveCfg = Debug|Any CPU
		{A0217AD7-F766-4B67-8954-E0019E626988}.Debug|Any CPU.Build.0 = Debug|Any CPU
		{A0217AD7-F766-4B67-8954-E0019E626988}.Release|Any CPU.ActiveCfg = Release|Any CPU
		{A0217AD7-F766-4B67-8954-E0019E626988}.Release|Any CPU.Build.0 = Release|Any CPU
	EndGlobalSection
	GlobalSection(SolutionProperties) = preSolution
		HideSolutionNode = FALSE
	EndGlobalSection
	GlobalSection(ExtensibilityGlobals) = postSolution
		SolutionGuid = {FE72B8FC-EF22-49A8-9AC0-1A127BEEC6AC}
	EndGlobalSection
EndGlobal
