
Microsoft Visual Studio Solution File, Format Version 12.00
# Visual Studio Version 17
VisualStudioVersion = 17.2.32526.322
MinimumVisualStudioVersion = 10.0.40219.1
Project("{FAE04EC0-301F-11D3-BF4B-00C04F79EFBC}") = "Operators", "Operators\Operators.csproj", "{C62BAEC5-E91B-4EEA-8D1E-951BAE290229}"
EndProject
Global
	GlobalSection(SolutionConfigurationPlatforms) = preSolution
		Debug|Any CPU = Debug|Any CPU
		Release|Any CPU = Release|Any CPU
	EndGlobalSection
	GlobalSection(ProjectConfigurationPlatforms) = postSolution
		{C62BAEC5-E91B-4EEA-8D1E-951BAE290229}.Debug|Any CPU.ActiveCfg = Debug|Any CPU
		{C62BAEC5-E91B-4EEA-8D1E-951BAE290229}.Debug|Any CPU.Build.0 = Debug|Any CPU
		{C62BAEC5-E91B-4EEA-8D1E-951BAE290229}.Release|Any CPU.ActiveCfg = Release|Any CPU
		{C62BAEC5-E91B-4EEA-8D1E-951BAE290229}.Release|Any CPU.Build.0 = Release|Any CPU
	EndGlobalSection
	GlobalSection(SolutionProperties) = preSolution
		HideSolutionNode = FALSE
	EndGlobalSection
	GlobalSection(ExtensibilityGlobals) = postSolution
		SolutionGuid = {E0846141-18AC-408D-B7C7-E7CB41F6A21D}
	EndGlobalSection
EndGlobal
