
Microsoft Visual Studio Solution File, Format Version 12.00
# Visual Studio Version 17
VisualStudioVersion = 17.2.32602.215
MinimumVisualStudioVersion = 10.0.40219.1
Project("{FAE04EC0-301F-11D3-BF4B-00C04F79EFBC}") = "NesneKavramı", "NesneKavramı\NesneKavramı.csproj", "{B905649A-E1C7-4581-8EA9-FF9D98C7A1EF}"
EndProject
Global
	GlobalSection(SolutionConfigurationPlatforms) = preSolution
		Debug|Any CPU = Debug|Any CPU
		Release|Any CPU = Release|Any CPU
	EndGlobalSection
	GlobalSection(ProjectConfigurationPlatforms) = postSolution
		{B905649A-E1C7-4581-8EA9-FF9D98C7A1EF}.Debug|Any CPU.ActiveCfg = Debug|Any CPU
		{B905649A-E1C7-4581-8EA9-FF9D98C7A1EF}.Debug|Any CPU.Build.0 = Debug|Any CPU
		{B905649A-E1C7-4581-8EA9-FF9D98C7A1EF}.Release|Any CPU.ActiveCfg = Release|Any CPU
		{B905649A-E1C7-4581-8EA9-FF9D98C7A1EF}.Release|Any CPU.Build.0 = Release|Any CPU
	EndGlobalSection
	GlobalSection(SolutionProperties) = preSolution
		HideSolutionNode = FALSE
	EndGlobalSection
	GlobalSection(ExtensibilityGlobals) = postSolution
		SolutionGuid = {6084B3E4-419B-48F4-9F33-F3402E95B609}
	EndGlobalSection
EndGlobal
